# THIS IS AN AUTOGENERATED FILE. DO NOT EDIT THIS FILE DIRECTLY.
# yarn lockfile v1


"@types/node@^16":
  version "16.11.59"
  resolved "https://registry.yarnpkg.com/@types/node/-/node-16.11.59.tgz#823f238b9063ccc3b3b7f13186f143a57926c4f6"
  integrity sha512-6u+36Dj3aDzhfBVUf/mfmc92OEdzQ2kx2jcXGdigfl70E/neV21ZHE6UCz4MDzTRcVqGAM27fk+DLXvyDsn3Jw==

typescript@^4.6:
  version "4.8.3"
  resolved "https://registry.yarnpkg.com/typescript/-/typescript-4.8.3.tgz#d59344522c4bc464a65a730ac695007fdb66dd88"
  integrity sha512-goMHfm00nWPa8UvR/CPSvykqf6dVV8x/dp0c5mFTMTIu0u0FlGWRioyy7Nn0PGAdHxpJZnuO/ut+PpQ8UiHAig==
